
Microsoft Visual Studio Solution File, Format Version 12.00
# Visual Studio 15
VisualStudioVersion = 15.0.26124.0
MinimumVisualStudioVersion = 15.0.26124.0
Project("{6EC3EE1D-3C4E-46DD-8F32-0CC8E7565705}") = "FScenario", "src\FScenario\FScenario.fsproj", "{034567FA-68A7-4BF1-ACD0-39202ED94739}"
EndProject
Project("{2150E333-8FDC-42A3-9474-1A3956D46DE8}") = "tests", "tests", "{F9F4E5A0-F41B-4249-B599-FCF00E8B5C66}"
EndProject
Project("{6EC3EE1D-3C4E-46DD-8F32-0CC8E7565705}") = "FScenario.Tests", "tests\FScenario.Tests\FScenario.Tests.fsproj", "{3102C9F1-941B-4DD7-ABBF-7B4DDBF0D5B6}"
EndProject
Project("{9A19103F-16F7-4668-BE54-9A1E7A4F7556}") = "FScenario.CSharp", "tests\FScenario.CSharp\FScenario.CSharp.csproj", "{14BE527F-D3ED-492F-92FE-88B22622CB5B}"
EndProject
Global
	GlobalSection(SolutionConfigurationPlatforms) = preSolution
		Debug|Any CPU = Debug|Any CPU
		Debug|x64 = Debug|x64
		Debug|x86 = Debug|x86
		Release|Any CPU = Release|Any CPU
		Release|x64 = Release|x64
		Release|x86 = Release|x86
	EndGlobalSection
	GlobalSection(ProjectConfigurationPlatforms) = postSolution
		{034567FA-68A7-4BF1-ACD0-39202ED94739}.Debug|Any CPU.ActiveCfg = Debug|Any CPU
		{034567FA-68A7-4BF1-ACD0-39202ED94739}.Debug|Any CPU.Build.0 = Debug|Any CPU
		{034567FA-68A7-4BF1-ACD0-39202ED94739}.Debug|x64.ActiveCfg = Debug|Any CPU
		{034567FA-68A7-4BF1-ACD0-39202ED94739}.Debug|x64.Build.0 = Debug|Any CPU
		{034567FA-68A7-4BF1-ACD0-39202ED94739}.Debug|x86.ActiveCfg = Debug|Any CPU
		{034567FA-68A7-4BF1-ACD0-39202ED94739}.Debug|x86.Build.0 = Debug|Any CPU
		{034567FA-68A7-4BF1-ACD0-39202ED94739}.Release|Any CPU.ActiveCfg = Release|Any CPU
		{034567FA-68A7-4BF1-ACD0-39202ED94739}.Release|Any CPU.Build.0 = Release|Any CPU
		{034567FA-68A7-4BF1-ACD0-39202ED94739}.Release|x64.ActiveCfg = Release|Any CPU
		{034567FA-68A7-4BF1-ACD0-39202ED94739}.Release|x64.Build.0 = Release|Any CPU
		{034567FA-68A7-4BF1-ACD0-39202ED94739}.Release|x86.ActiveCfg = Release|Any CPU
		{034567FA-68A7-4BF1-ACD0-39202ED94739}.Release|x86.Build.0 = Release|Any CPU
		{3102C9F1-941B-4DD7-ABBF-7B4DDBF0D5B6}.Debug|Any CPU.ActiveCfg = Debug|Any CPU
		{3102C9F1-941B-4DD7-ABBF-7B4DDBF0D5B6}.Debug|Any CPU.Build.0 = Debug|Any CPU
		{3102C9F1-941B-4DD7-ABBF-7B4DDBF0D5B6}.Debug|x64.ActiveCfg = Debug|Any CPU
		{3102C9F1-941B-4DD7-ABBF-7B4DDBF0D5B6}.Debug|x64.Build.0 = Debug|Any CPU
		{3102C9F1-941B-4DD7-ABBF-7B4DDBF0D5B6}.Debug|x86.ActiveCfg = Debug|Any CPU
		{3102C9F1-941B-4DD7-ABBF-7B4DDBF0D5B6}.Debug|x86.Build.0 = Debug|Any CPU
		{3102C9F1-941B-4DD7-ABBF-7B4DDBF0D5B6}.Release|Any CPU.ActiveCfg = Release|Any CPU
		{3102C9F1-941B-4DD7-ABBF-7B4DDBF0D5B6}.Release|Any CPU.Build.0 = Release|Any CPU
		{3102C9F1-941B-4DD7-ABBF-7B4DDBF0D5B6}.Release|x64.ActiveCfg = Release|Any CPU
		{3102C9F1-941B-4DD7-ABBF-7B4DDBF0D5B6}.Release|x64.Build.0 = Release|Any CPU
		{3102C9F1-941B-4DD7-ABBF-7B4DDBF0D5B6}.Release|x86.ActiveCfg = Release|Any CPU
		{3102C9F1-941B-4DD7-ABBF-7B4DDBF0D5B6}.Release|x86.Build.0 = Release|Any CPU
		{14BE527F-D3ED-492F-92FE-88B22622CB5B}.Debug|Any CPU.ActiveCfg = Debug|Any CPU
		{14BE527F-D3ED-492F-92FE-88B22622CB5B}.Debug|Any CPU.Build.0 = Debug|Any CPU
		{14BE527F-D3ED-492F-92FE-88B22622CB5B}.Debug|x64.ActiveCfg = Debug|Any CPU
		{14BE527F-D3ED-492F-92FE-88B22622CB5B}.Debug|x64.Build.0 = Debug|Any CPU
		{14BE527F-D3ED-492F-92FE-88B22622CB5B}.Debug|x86.ActiveCfg = Debug|Any CPU
		{14BE527F-D3ED-492F-92FE-88B22622CB5B}.Debug|x86.Build.0 = Debug|Any CPU
		{14BE527F-D3ED-492F-92FE-88B22622CB5B}.Release|Any CPU.ActiveCfg = Release|Any CPU
		{14BE527F-D3ED-492F-92FE-88B22622CB5B}.Release|Any CPU.Build.0 = Release|Any CPU
		{14BE527F-D3ED-492F-92FE-88B22622CB5B}.Release|x64.ActiveCfg = Release|Any CPU
		{14BE527F-D3ED-492F-92FE-88B22622CB5B}.Release|x64.Build.0 = Release|Any CPU
		{14BE527F-D3ED-492F-92FE-88B22622CB5B}.Release|x86.ActiveCfg = Release|Any CPU
		{14BE527F-D3ED-492F-92FE-88B22622CB5B}.Release|x86.Build.0 = Release|Any CPU
	EndGlobalSection
	GlobalSection(SolutionProperties) = preSolution
		HideSolutionNode = FALSE
	EndGlobalSection
	GlobalSection(NestedProjects) = preSolution
		{3102C9F1-941B-4DD7-ABBF-7B4DDBF0D5B6} = {F9F4E5A0-F41B-4249-B599-FCF00E8B5C66}
		{14BE527F-D3ED-492F-92FE-88B22622CB5B} = {F9F4E5A0-F41B-4249-B599-FCF00E8B5C66}
	EndGlobalSection
	GlobalSection(ExtensibilityGlobals) = postSolution
		SolutionGuid = {E66750B9-C62C-4F42-BA89-53B7C961E1A3}
	EndGlobalSection
EndGlobal
